
Microsoft Visual Studio Solution File, Format Version 12.00
# Visual Studio Version 16
VisualStudioVersion = 16.0.30002.166
MinimumVisualStudioVersion = 10.0.40219.1
Project("{9A19103F-16F7-4668-BE54-9A1E7A4F7556}") = "WpfControlSamples", "WpfControlSamples\WpfControlSamples.csproj", "{0D0A28A6-916A-4CD0-AF76-4B2FA9746BC7}"
EndProject
Project("{9A19103F-16F7-4668-BE54-9A1E7A4F7556}") = "WpfControlSamples.CustomControlNumericUpDown", "WpfControlSamples.CustomControlNumericUpDown\WpfControlSamples.CustomControlNumericUpDown.csproj", "{959859A5-7954-4A6A-9B36-5ED6603436D2}"
EndProject
Project("{9A19103F-16F7-4668-BE54-9A1E7A4F7556}") = "WpfControlSamples.FileDialogLibrary", "WpfControlSamples.FileDialogLibrary\WpfControlSamples.FileDialogLibrary.csproj", "{5FB2D2A8-D6E1-451C-B97C-6629F5B8BB17}"
EndProject
Project("{2150E333-8FDC-42A3-9474-1A3956D46DE8}") = "Solution Items", "Solution Items", "{AD2DC395-20CC-4C2A-A3B2-8EE3E4D04FDA}"
	ProjectSection(SolutionItems) = preProject
		README.md = README.md
	EndProjectSection
EndProject
Project("{FAE04EC0-301F-11D3-BF4B-00C04F79EFBC}") = "WpfControlSamples.Drawing", "WpfControlSamples.Drawing\WpfControlSamples.Drawing.csproj", "{CDDD0AE7-6396-4932-A3BA-39E22A4FFB34}"
EndProject
Global
	GlobalSection(SolutionConfigurationPlatforms) = preSolution
		Debug|Any CPU = Debug|Any CPU
		Release|Any CPU = Release|Any CPU
	EndGlobalSection
	GlobalSection(ProjectConfigurationPlatforms) = postSolution
		{0D0A28A6-916A-4CD0-AF76-4B2FA9746BC7}.Debug|Any CPU.ActiveCfg = Debug|Any CPU
		{0D0A28A6-916A-4CD0-AF76-4B2FA9746BC7}.Debug|Any CPU.Build.0 = Debug|Any CPU
		{0D0A28A6-916A-4CD0-AF76-4B2FA9746BC7}.Release|Any CPU.ActiveCfg = Release|Any CPU
		{0D0A28A6-916A-4CD0-AF76-4B2FA9746BC7}.Release|Any CPU.Build.0 = Release|Any CPU
		{959859A5-7954-4A6A-9B36-5ED6603436D2}.Debug|Any CPU.ActiveCfg = Debug|Any CPU
		{959859A5-7954-4A6A-9B36-5ED6603436D2}.Debug|Any CPU.Build.0 = Debug|Any CPU
		{959859A5-7954-4A6A-9B36-5ED6603436D2}.Release|Any CPU.ActiveCfg = Release|Any CPU
		{959859A5-7954-4A6A-9B36-5ED6603436D2}.Release|Any CPU.Build.0 = Release|Any CPU
		{5FB2D2A8-D6E1-451C-B97C-6629F5B8BB17}.Debug|Any CPU.ActiveCfg = Debug|Any CPU
		{5FB2D2A8-D6E1-451C-B97C-6629F5B8BB17}.Debug|Any CPU.Build.0 = Debug|Any CPU
		{5FB2D2A8-D6E1-451C-B97C-6629F5B8BB17}.Release|Any CPU.ActiveCfg = Release|Any CPU
		{5FB2D2A8-D6E1-451C-B97C-6629F5B8BB17}.Release|Any CPU.Build.0 = Release|Any CPU
		{CDDD0AE7-6396-4932-A3BA-39E22A4FFB34}.Debug|Any CPU.ActiveCfg = Debug|Any CPU
		{CDDD0AE7-6396-4932-A3BA-39E22A4FFB34}.Debug|Any CPU.Build.0 = Debug|Any CPU
		{CDDD0AE7-6396-4932-A3BA-39E22A4FFB34}.Release|Any CPU.ActiveCfg = Release|Any CPU
		{CDDD0AE7-6396-4932-A3BA-39E22A4FFB34}.Release|Any CPU.Build.0 = Release|Any CPU
	EndGlobalSection
	GlobalSection(SolutionProperties) = preSolution
		HideSolutionNode = FALSE
	EndGlobalSection
	GlobalSection(ExtensibilityGlobals) = postSolution
		SolutionGuid = {1F64195F-F036-4133-9533-CF86C3B44C50}
	EndGlobalSection
EndGlobal
